
Microsoft Visual Studio Solution File, Format Version 12.00
# Visual Studio Version 16
VisualStudioVersion = 16.0.30011.22
MinimumVisualStudioVersion = 10.0.40219.1
Project("{9A19103F-16F7-4668-BE54-9A1E7A4F7556}") = "AuthenticationApp", "AuthenticationApp\AuthenticationApp.csproj", "{C47BEF09-6D66-48B1-8052-C9B98D541D8D}"
EndProject
Global
	GlobalSection(SolutionConfigurationPlatforms) = preSolution
		Debug|Any CPU = Debug|Any CPU
		Release|Any CPU = Release|Any CPU
	EndGlobalSection
	GlobalSection(ProjectConfigurationPlatforms) = postSolution
		{C47BEF09-6D66-48B1-8052-C9B98D541D8D}.Debug|Any CPU.ActiveCfg = Debug|Any CPU
		{C47BEF09-6D66-48B1-8052-C9B98D541D8D}.Debug|Any CPU.Build.0 = Debug|Any CPU
		{C47BEF09-6D66-48B1-8052-C9B98D541D8D}.Release|Any CPU.ActiveCfg = Release|Any CPU
		{C47BEF09-6D66-48B1-8052-C9B98D541D8D}.Release|Any CPU.Build.0 = Release|Any CPU
	EndGlobalSection
	GlobalSection(SolutionProperties) = preSolution
		HideSolutionNode = FALSE
	EndGlobalSection
	GlobalSection(ExtensibilityGlobals) = postSolution
		SolutionGuid = {13B96B5C-870E-4183-863C-4274D6525824}
	EndGlobalSection
EndGlobal
